
Microsoft Visual Studio Solution File, Format Version 12.00
# Visual Studio Version 17
VisualStudioVersion = 17.8.34316.72
MinimumVisualStudioVersion = 10.0.40219.1
Project("{FAE04EC0-301F-11D3-BF4B-00C04F79EFBC}") = "Employees-Api", "Employees-Api\Employees-Api.csproj", "{B28C807C-F37D-4219-A374-0811135C1690}"
EndProject
Global
	GlobalSection(SolutionConfigurationPlatforms) = preSolution
		Debug|Any CPU = Debug|Any CPU
		Release|Any CPU = Release|Any CPU
	EndGlobalSection
	GlobalSection(ProjectConfigurationPlatforms) = postSolution
		{B28C807C-F37D-4219-A374-0811135C1690}.Debug|Any CPU.ActiveCfg = Debug|Any CPU
		{B28C807C-F37D-4219-A374-0811135C1690}.Debug|Any CPU.Build.0 = Debug|Any CPU
		{B28C807C-F37D-4219-A374-0811135C1690}.Release|Any CPU.ActiveCfg = Release|Any CPU
		{B28C807C-F37D-4219-A374-0811135C1690}.Release|Any CPU.Build.0 = Release|Any CPU
	EndGlobalSection
	GlobalSection(SolutionProperties) = preSolution
		HideSolutionNode = FALSE
	EndGlobalSection
	GlobalSection(ExtensibilityGlobals) = postSolution
		SolutionGuid = {6FD4E0CF-ACA5-4F9C-9B43-E467F2090222}
	EndGlobalSection
EndGlobal
